
Microsoft Visual Studio Solution File, Format Version 12.00
# Visual Studio Version 16
VisualStudioVersion = 16.0.29403.142
MinimumVisualStudioVersion = 10.0.40219.1
Project("{FAE04EC0-301F-11D3-BF4B-00C04F79EFBC}") = "Shop", "Shop\Shop.csproj", "{B7CF8904-C19E-4DEC-91CD-5A439C8C9C11}"
	ProjectSection(ProjectDependencies) = postProject
		{DBDF04CE-292C-42C8-AB7B-D5CBA700DBCC} = {DBDF04CE-292C-42C8-AB7B-D5CBA700DBCC}
	EndProjectSection
EndProject
Project("{FAE04EC0-301F-11D3-BF4B-00C04F79EFBC}") = "Shop.BLL", "Shop.BLL\Shop.BLL.csproj", "{DBDF04CE-292C-42C8-AB7B-D5CBA700DBCC}"
	ProjectSection(ProjectDependencies) = postProject
		{2415E880-DDE7-43A7-94AD-3EF024CB02BD} = {2415E880-DDE7-43A7-94AD-3EF024CB02BD}
	EndProjectSection
EndProject
Project("{FAE04EC0-301F-11D3-BF4B-00C04F79EFBC}") = "Shop.DB", "Shop.DB\Shop.DB.csproj", "{2415E880-DDE7-43A7-94AD-3EF024CB02BD}"
EndProject
Global
	GlobalSection(SolutionConfigurationPlatforms) = preSolution
		Debug|Any CPU = Debug|Any CPU
		Release|Any CPU = Release|Any CPU
	EndGlobalSection
	GlobalSection(ProjectConfigurationPlatforms) = postSolution
		{B7CF8904-C19E-4DEC-91CD-5A439C8C9C11}.Debug|Any CPU.ActiveCfg = Debug|Any CPU
		{B7CF8904-C19E-4DEC-91CD-5A439C8C9C11}.Debug|Any CPU.Build.0 = Debug|Any CPU
		{B7CF8904-C19E-4DEC-91CD-5A439C8C9C11}.Release|Any CPU.ActiveCfg = Release|Any CPU
		{B7CF8904-C19E-4DEC-91CD-5A439C8C9C11}.Release|Any CPU.Build.0 = Release|Any CPU
		{DBDF04CE-292C-42C8-AB7B-D5CBA700DBCC}.Debug|Any CPU.ActiveCfg = Debug|Any CPU
		{DBDF04CE-292C-42C8-AB7B-D5CBA700DBCC}.Debug|Any CPU.Build.0 = Debug|Any CPU
		{DBDF04CE-292C-42C8-AB7B-D5CBA700DBCC}.Release|Any CPU.ActiveCfg = Release|Any CPU
		{DBDF04CE-292C-42C8-AB7B-D5CBA700DBCC}.Release|Any CPU.Build.0 = Release|Any CPU
		{2415E880-DDE7-43A7-94AD-3EF024CB02BD}.Debug|Any CPU.ActiveCfg = Debug|Any CPU
		{2415E880-DDE7-43A7-94AD-3EF024CB02BD}.Debug|Any CPU.Build.0 = Debug|Any CPU
		{2415E880-DDE7-43A7-94AD-3EF024CB02BD}.Release|Any CPU.ActiveCfg = Release|Any CPU
		{2415E880-DDE7-43A7-94AD-3EF024CB02BD}.Release|Any CPU.Build.0 = Release|Any CPU
	EndGlobalSection
	GlobalSection(SolutionProperties) = preSolution
		HideSolutionNode = FALSE
	EndGlobalSection
	GlobalSection(ExtensibilityGlobals) = postSolution
		SolutionGuid = {A45101F2-4BAD-48FB-A5B5-BC132D68B91D}
	EndGlobalSection
EndGlobal
